
Microsoft Visual Studio Solution File, Format Version 12.00
# Visual Studio 15
VisualStudioVersion = 15.0.27130.2020
MinimumVisualStudioVersion = 10.0.40219.1
Project("{9A19103F-16F7-4668-BE54-9A1E7A4F7556}") = "NuciXNA.Primitives", "NuciXNA.Primitives\NuciXNA.Primitives.csproj", "{3C23C22B-DC6F-446F-864A-AC7AE4B83A90}"
EndProject
Project("{9A19103F-16F7-4668-BE54-9A1E7A4F7556}") = "NuciXNA.Input", "NuciXNA.Input\NuciXNA.Input.csproj", "{135F1B72-5CF1-4275-BF1C-B282533F67C9}"
EndProject
Project("{9A19103F-16F7-4668-BE54-9A1E7A4F7556}") = "NuciXNA.DataAccess", "NuciXNA.DataAccess\NuciXNA.DataAccess.csproj", "{A6960081-A981-4B68-91B1-B5590625197C}"
EndProject
Project("{9A19103F-16F7-4668-BE54-9A1E7A4F7556}") = "NuciXNA.Gui", "NuciXNA.Gui\NuciXNA.Gui.csproj", "{D19895CA-7F5A-4014-841B-230D232F617F}"
EndProject
Project("{9A19103F-16F7-4668-BE54-9A1E7A4F7556}") = "NuciXNA.Graphics", "NuciXNA.Graphics\NuciXNA.Graphics.csproj", "{6FCEA66F-4122-450B-BCC5-8217DC33B50E}"
EndProject
Project("{FAE04EC0-301F-11D3-BF4B-00C04F79EFBC}") = "NuciXNA.UnitTests", "NuciXNA.UnitTests\NuciXNA.UnitTests.csproj", "{0DAC6518-F1D0-4634-81FF-D8FAD42A3B07}"
EndProject
Global
	GlobalSection(SolutionConfigurationPlatforms) = preSolution
		Debug|Any CPU = Debug|Any CPU
		Release|Any CPU = Release|Any CPU
	EndGlobalSection
	GlobalSection(ProjectConfigurationPlatforms) = postSolution
		{3C23C22B-DC6F-446F-864A-AC7AE4B83A90}.Debug|Any CPU.ActiveCfg = Debug|Any CPU
		{3C23C22B-DC6F-446F-864A-AC7AE4B83A90}.Debug|Any CPU.Build.0 = Debug|Any CPU
		{3C23C22B-DC6F-446F-864A-AC7AE4B83A90}.Release|Any CPU.ActiveCfg = Release|Any CPU
		{3C23C22B-DC6F-446F-864A-AC7AE4B83A90}.Release|Any CPU.Build.0 = Release|Any CPU
		{135F1B72-5CF1-4275-BF1C-B282533F67C9}.Debug|Any CPU.ActiveCfg = Debug|Any CPU
		{135F1B72-5CF1-4275-BF1C-B282533F67C9}.Debug|Any CPU.Build.0 = Debug|Any CPU
		{135F1B72-5CF1-4275-BF1C-B282533F67C9}.Release|Any CPU.ActiveCfg = Release|Any CPU
		{135F1B72-5CF1-4275-BF1C-B282533F67C9}.Release|Any CPU.Build.0 = Release|Any CPU
		{A6960081-A981-4B68-91B1-B5590625197C}.Debug|Any CPU.ActiveCfg = Debug|Any CPU
		{A6960081-A981-4B68-91B1-B5590625197C}.Debug|Any CPU.Build.0 = Debug|Any CPU
		{A6960081-A981-4B68-91B1-B5590625197C}.Release|Any CPU.ActiveCfg = Release|Any CPU
		{A6960081-A981-4B68-91B1-B5590625197C}.Release|Any CPU.Build.0 = Release|Any CPU
		{D19895CA-7F5A-4014-841B-230D232F617F}.Debug|Any CPU.ActiveCfg = Debug|Any CPU
		{D19895CA-7F5A-4014-841B-230D232F617F}.Debug|Any CPU.Build.0 = Debug|Any CPU
		{D19895CA-7F5A-4014-841B-230D232F617F}.Release|Any CPU.ActiveCfg = Release|Any CPU
		{D19895CA-7F5A-4014-841B-230D232F617F}.Release|Any CPU.Build.0 = Release|Any CPU
		{6FCEA66F-4122-450B-BCC5-8217DC33B50E}.Debug|Any CPU.ActiveCfg = Debug|Any CPU
		{6FCEA66F-4122-450B-BCC5-8217DC33B50E}.Debug|Any CPU.Build.0 = Debug|Any CPU
		{6FCEA66F-4122-450B-BCC5-8217DC33B50E}.Release|Any CPU.ActiveCfg = Release|Any CPU
		{6FCEA66F-4122-450B-BCC5-8217DC33B50E}.Release|Any CPU.Build.0 = Release|Any CPU
		{0DAC6518-F1D0-4634-81FF-D8FAD42A3B07}.Debug|Any CPU.ActiveCfg = Debug|Any CPU
		{0DAC6518-F1D0-4634-81FF-D8FAD42A3B07}.Debug|Any CPU.Build.0 = Debug|Any CPU
		{0DAC6518-F1D0-4634-81FF-D8FAD42A3B07}.Release|Any CPU.ActiveCfg = Release|Any CPU
		{0DAC6518-F1D0-4634-81FF-D8FAD42A3B07}.Release|Any CPU.Build.0 = Release|Any CPU
	EndGlobalSection
	GlobalSection(SolutionProperties) = preSolution
		HideSolutionNode = FALSE
	EndGlobalSection
	GlobalSection(ExtensibilityGlobals) = postSolution
		SolutionGuid = {E6EFD60D-56EE-4771-9657-4DA9282EC22F}
	EndGlobalSection
EndGlobal
