
Microsoft Visual Studio Solution File, Format Version 12.00
# Visual Studio 15
VisualStudioVersion = 15.0.26124.0
MinimumVisualStudioVersion = 15.0.26124.0
Project("{FAE04EC0-301F-11D3-BF4B-00C04F79EFBC}") = "NuciXNA.UnitTests.Input", "NuciXNA.UnitTests.Input\NuciXNA.UnitTests.Input.csproj", "{0584E943-4A1C-40F4-828C-A15FCBB7FDBD}"
EndProject
Project("{FAE04EC0-301F-11D3-BF4B-00C04F79EFBC}") = "NuciXNA.UnitTests.Primitives", "NuciXNA.UnitTests.Primitives\NuciXNA.UnitTests.Primitives.csproj", "{9EDA06A4-A18A-43F7-BEC9-B5EC5B65BE0D}"
EndProject
Global
	GlobalSection(SolutionConfigurationPlatforms) = preSolution
		Debug|Any CPU = Debug|Any CPU
		Debug|x64 = Debug|x64
		Debug|x86 = Debug|x86
		Release|Any CPU = Release|Any CPU
		Release|x64 = Release|x64
		Release|x86 = Release|x86
	EndGlobalSection
	GlobalSection(SolutionProperties) = preSolution
		HideSolutionNode = FALSE
	EndGlobalSection
	GlobalSection(ProjectConfigurationPlatforms) = postSolution
		{0584E943-4A1C-40F4-828C-A15FCBB7FDBD}.Debug|Any CPU.ActiveCfg = Debug|Any CPU
		{0584E943-4A1C-40F4-828C-A15FCBB7FDBD}.Debug|Any CPU.Build.0 = Debug|Any CPU
		{0584E943-4A1C-40F4-828C-A15FCBB7FDBD}.Debug|x64.ActiveCfg = Debug|Any CPU
		{0584E943-4A1C-40F4-828C-A15FCBB7FDBD}.Debug|x64.Build.0 = Debug|Any CPU
		{0584E943-4A1C-40F4-828C-A15FCBB7FDBD}.Debug|x86.ActiveCfg = Debug|Any CPU
		{0584E943-4A1C-40F4-828C-A15FCBB7FDBD}.Debug|x86.Build.0 = Debug|Any CPU
		{0584E943-4A1C-40F4-828C-A15FCBB7FDBD}.Release|Any CPU.ActiveCfg = Release|Any CPU
		{0584E943-4A1C-40F4-828C-A15FCBB7FDBD}.Release|Any CPU.Build.0 = Release|Any CPU
		{0584E943-4A1C-40F4-828C-A15FCBB7FDBD}.Release|x64.ActiveCfg = Release|Any CPU
		{0584E943-4A1C-40F4-828C-A15FCBB7FDBD}.Release|x64.Build.0 = Release|Any CPU
		{0584E943-4A1C-40F4-828C-A15FCBB7FDBD}.Release|x86.ActiveCfg = Release|Any CPU
		{0584E943-4A1C-40F4-828C-A15FCBB7FDBD}.Release|x86.Build.0 = Release|Any CPU
		{9EDA06A4-A18A-43F7-BEC9-B5EC5B65BE0D}.Debug|Any CPU.ActiveCfg = Debug|Any CPU
		{9EDA06A4-A18A-43F7-BEC9-B5EC5B65BE0D}.Debug|Any CPU.Build.0 = Debug|Any CPU
		{9EDA06A4-A18A-43F7-BEC9-B5EC5B65BE0D}.Debug|x64.ActiveCfg = Debug|Any CPU
		{9EDA06A4-A18A-43F7-BEC9-B5EC5B65BE0D}.Debug|x64.Build.0 = Debug|Any CPU
		{9EDA06A4-A18A-43F7-BEC9-B5EC5B65BE0D}.Debug|x86.ActiveCfg = Debug|Any CPU
		{9EDA06A4-A18A-43F7-BEC9-B5EC5B65BE0D}.Debug|x86.Build.0 = Debug|Any CPU
		{9EDA06A4-A18A-43F7-BEC9-B5EC5B65BE0D}.Release|Any CPU.ActiveCfg = Release|Any CPU
		{9EDA06A4-A18A-43F7-BEC9-B5EC5B65BE0D}.Release|Any CPU.Build.0 = Release|Any CPU
		{9EDA06A4-A18A-43F7-BEC9-B5EC5B65BE0D}.Release|x64.ActiveCfg = Release|Any CPU
		{9EDA06A4-A18A-43F7-BEC9-B5EC5B65BE0D}.Release|x64.Build.0 = Release|Any CPU
		{9EDA06A4-A18A-43F7-BEC9-B5EC5B65BE0D}.Release|x86.ActiveCfg = Release|Any CPU
		{9EDA06A4-A18A-43F7-BEC9-B5EC5B65BE0D}.Release|x86.Build.0 = Release|Any CPU
	EndGlobalSection
EndGlobal
