
Microsoft Visual Studio Solution File, Format Version 12.00
# Visual Studio 15
VisualStudioVersion = 15.0.26124.0
MinimumVisualStudioVersion = 15.0.26124.0
Project("{FAE04EC0-301F-11D3-BF4B-00C04F79EFBC}") = "NuciXNA.UnitTests.Input", "NuciXNA.UnitTests.Input\NuciXNA.UnitTests.Input.csproj", "{0584E943-4A1C-40F4-828C-A15FCBB7FDBD}"
EndProject
Project("{FAE04EC0-301F-11D3-BF4B-00C04F79EFBC}") = "NuciXNA.UnitTests.Primitives", "NuciXNA.UnitTests.Primitives\NuciXNA.UnitTests.Primitives.csproj", "{9EDA06A4-A18A-43F7-BEC9-B5EC5B65BE0D}"
EndProject
Project("{FAE04EC0-301F-11D3-BF4B-00C04F79EFBC}") = "NuciXNA.UnitTests.Gui", "NuciXNA.UnitTests.Gui\NuciXNA.UnitTests.Gui.csproj", "{FEBEA3B0-27BE-4A57-9561-6233EC7CC68E}"
EndProject
Project("{FAE04EC0-301F-11D3-BF4B-00C04F79EFBC}") = "NuciXNA.UnitTests.DataAccess", "NuciXNA.UnitTests.DataAccess\NuciXNA.UnitTests.DataAccess.csproj", "{55D29EDA-6E11-4110-975B-4FA117913043}"
EndProject
Project("{FAE04EC0-301F-11D3-BF4B-00C04F79EFBC}") = "NuciXNA.UnitTests.Graphics", "NuciXNA.UnitTests.Graphics\NuciXNA.UnitTests.Graphics.csproj", "{81DC18BB-158E-4B6A-AB0C-E7044F4FCBA3}"
EndProject
Global
	GlobalSection(SolutionConfigurationPlatforms) = preSolution
		Debug|Any CPU = Debug|Any CPU
		Debug|x64 = Debug|x64
		Debug|x86 = Debug|x86
		Release|Any CPU = Release|Any CPU
		Release|x64 = Release|x64
		Release|x86 = Release|x86
	EndGlobalSection
	GlobalSection(SolutionProperties) = preSolution
		HideSolutionNode = FALSE
	EndGlobalSection
	GlobalSection(ProjectConfigurationPlatforms) = postSolution
		{0584E943-4A1C-40F4-828C-A15FCBB7FDBD}.Debug|Any CPU.ActiveCfg = Debug|Any CPU
		{0584E943-4A1C-40F4-828C-A15FCBB7FDBD}.Debug|Any CPU.Build.0 = Debug|Any CPU
		{0584E943-4A1C-40F4-828C-A15FCBB7FDBD}.Debug|x64.ActiveCfg = Debug|Any CPU
		{0584E943-4A1C-40F4-828C-A15FCBB7FDBD}.Debug|x64.Build.0 = Debug|Any CPU
		{0584E943-4A1C-40F4-828C-A15FCBB7FDBD}.Debug|x86.ActiveCfg = Debug|Any CPU
		{0584E943-4A1C-40F4-828C-A15FCBB7FDBD}.Debug|x86.Build.0 = Debug|Any CPU
		{0584E943-4A1C-40F4-828C-A15FCBB7FDBD}.Release|Any CPU.ActiveCfg = Release|Any CPU
		{0584E943-4A1C-40F4-828C-A15FCBB7FDBD}.Release|Any CPU.Build.0 = Release|Any CPU
		{0584E943-4A1C-40F4-828C-A15FCBB7FDBD}.Release|x64.ActiveCfg = Release|Any CPU
		{0584E943-4A1C-40F4-828C-A15FCBB7FDBD}.Release|x64.Build.0 = Release|Any CPU
		{0584E943-4A1C-40F4-828C-A15FCBB7FDBD}.Release|x86.ActiveCfg = Release|Any CPU
		{0584E943-4A1C-40F4-828C-A15FCBB7FDBD}.Release|x86.Build.0 = Release|Any CPU
		{9EDA06A4-A18A-43F7-BEC9-B5EC5B65BE0D}.Debug|Any CPU.ActiveCfg = Debug|Any CPU
		{9EDA06A4-A18A-43F7-BEC9-B5EC5B65BE0D}.Debug|Any CPU.Build.0 = Debug|Any CPU
		{9EDA06A4-A18A-43F7-BEC9-B5EC5B65BE0D}.Debug|x64.ActiveCfg = Debug|Any CPU
		{9EDA06A4-A18A-43F7-BEC9-B5EC5B65BE0D}.Debug|x64.Build.0 = Debug|Any CPU
		{9EDA06A4-A18A-43F7-BEC9-B5EC5B65BE0D}.Debug|x86.ActiveCfg = Debug|Any CPU
		{9EDA06A4-A18A-43F7-BEC9-B5EC5B65BE0D}.Debug|x86.Build.0 = Debug|Any CPU
		{9EDA06A4-A18A-43F7-BEC9-B5EC5B65BE0D}.Release|Any CPU.ActiveCfg = Release|Any CPU
		{9EDA06A4-A18A-43F7-BEC9-B5EC5B65BE0D}.Release|Any CPU.Build.0 = Release|Any CPU
		{9EDA06A4-A18A-43F7-BEC9-B5EC5B65BE0D}.Release|x64.ActiveCfg = Release|Any CPU
		{9EDA06A4-A18A-43F7-BEC9-B5EC5B65BE0D}.Release|x64.Build.0 = Release|Any CPU
		{9EDA06A4-A18A-43F7-BEC9-B5EC5B65BE0D}.Release|x86.ActiveCfg = Release|Any CPU
		{9EDA06A4-A18A-43F7-BEC9-B5EC5B65BE0D}.Release|x86.Build.0 = Release|Any CPU
		{FEBEA3B0-27BE-4A57-9561-6233EC7CC68E}.Debug|Any CPU.ActiveCfg = Debug|Any CPU
		{FEBEA3B0-27BE-4A57-9561-6233EC7CC68E}.Debug|Any CPU.Build.0 = Debug|Any CPU
		{FEBEA3B0-27BE-4A57-9561-6233EC7CC68E}.Debug|x64.ActiveCfg = Debug|Any CPU
		{FEBEA3B0-27BE-4A57-9561-6233EC7CC68E}.Debug|x64.Build.0 = Debug|Any CPU
		{FEBEA3B0-27BE-4A57-9561-6233EC7CC68E}.Debug|x86.ActiveCfg = Debug|Any CPU
		{FEBEA3B0-27BE-4A57-9561-6233EC7CC68E}.Debug|x86.Build.0 = Debug|Any CPU
		{FEBEA3B0-27BE-4A57-9561-6233EC7CC68E}.Release|Any CPU.ActiveCfg = Release|Any CPU
		{FEBEA3B0-27BE-4A57-9561-6233EC7CC68E}.Release|Any CPU.Build.0 = Release|Any CPU
		{FEBEA3B0-27BE-4A57-9561-6233EC7CC68E}.Release|x64.ActiveCfg = Release|Any CPU
		{FEBEA3B0-27BE-4A57-9561-6233EC7CC68E}.Release|x64.Build.0 = Release|Any CPU
		{FEBEA3B0-27BE-4A57-9561-6233EC7CC68E}.Release|x86.ActiveCfg = Release|Any CPU
		{FEBEA3B0-27BE-4A57-9561-6233EC7CC68E}.Release|x86.Build.0 = Release|Any CPU
		{55D29EDA-6E11-4110-975B-4FA117913043}.Debug|Any CPU.ActiveCfg = Debug|Any CPU
		{55D29EDA-6E11-4110-975B-4FA117913043}.Debug|Any CPU.Build.0 = Debug|Any CPU
		{55D29EDA-6E11-4110-975B-4FA117913043}.Debug|x64.ActiveCfg = Debug|Any CPU
		{55D29EDA-6E11-4110-975B-4FA117913043}.Debug|x64.Build.0 = Debug|Any CPU
		{55D29EDA-6E11-4110-975B-4FA117913043}.Debug|x86.ActiveCfg = Debug|Any CPU
		{55D29EDA-6E11-4110-975B-4FA117913043}.Debug|x86.Build.0 = Debug|Any CPU
		{55D29EDA-6E11-4110-975B-4FA117913043}.Release|Any CPU.ActiveCfg = Release|Any CPU
		{55D29EDA-6E11-4110-975B-4FA117913043}.Release|Any CPU.Build.0 = Release|Any CPU
		{55D29EDA-6E11-4110-975B-4FA117913043}.Release|x64.ActiveCfg = Release|Any CPU
		{55D29EDA-6E11-4110-975B-4FA117913043}.Release|x64.Build.0 = Release|Any CPU
		{55D29EDA-6E11-4110-975B-4FA117913043}.Release|x86.ActiveCfg = Release|Any CPU
		{55D29EDA-6E11-4110-975B-4FA117913043}.Release|x86.Build.0 = Release|Any CPU
		{81DC18BB-158E-4B6A-AB0C-E7044F4FCBA3}.Debug|Any CPU.ActiveCfg = Debug|Any CPU
		{81DC18BB-158E-4B6A-AB0C-E7044F4FCBA3}.Debug|Any CPU.Build.0 = Debug|Any CPU
		{81DC18BB-158E-4B6A-AB0C-E7044F4FCBA3}.Debug|x64.ActiveCfg = Debug|Any CPU
		{81DC18BB-158E-4B6A-AB0C-E7044F4FCBA3}.Debug|x64.Build.0 = Debug|Any CPU
		{81DC18BB-158E-4B6A-AB0C-E7044F4FCBA3}.Debug|x86.ActiveCfg = Debug|Any CPU
		{81DC18BB-158E-4B6A-AB0C-E7044F4FCBA3}.Debug|x86.Build.0 = Debug|Any CPU
		{81DC18BB-158E-4B6A-AB0C-E7044F4FCBA3}.Release|Any CPU.ActiveCfg = Release|Any CPU
		{81DC18BB-158E-4B6A-AB0C-E7044F4FCBA3}.Release|Any CPU.Build.0 = Release|Any CPU
		{81DC18BB-158E-4B6A-AB0C-E7044F4FCBA3}.Release|x64.ActiveCfg = Release|Any CPU
		{81DC18BB-158E-4B6A-AB0C-E7044F4FCBA3}.Release|x64.Build.0 = Release|Any CPU
		{81DC18BB-158E-4B6A-AB0C-E7044F4FCBA3}.Release|x86.ActiveCfg = Release|Any CPU
		{81DC18BB-158E-4B6A-AB0C-E7044F4FCBA3}.Release|x86.Build.0 = Release|Any CPU
	EndGlobalSection
EndGlobal
